
Microsoft Visual Studio Solution File, Format Version 12.00
# Visual Studio 15
VisualStudioVersion = 15.0.26606.0
MinimumVisualStudioVersion = 10.0.40219.1
Project("{9A19103F-16F7-4668-BE54-9A1E7A4F7556}") = "SchoolAPI", "SchoolAPI\SchoolAPI.csproj", "{23CA3D1F-2998-4391-97DE-FED6C7E4BCFF}"
EndProject
Project("{FAE04EC0-301F-11D3-BF4B-00C04F79EFBC}") = "SchoolApi.DataAccess", "SchoolApi.DataAccess\SchoolApi.DataAccess.csproj", "{8F9158BD-F2DB-4CE7-8DB5-8A477ADC6989}"
EndProject
Project("{FAE04EC0-301F-11D3-BF4B-00C04F79EFBC}") = "SchoolApi.Domain", "SchoolApi.Domain\SchoolApi.Domain.csproj", "{CA432BDF-4D30-470C-9996-C6011188C23E}"
EndProject
Global
	GlobalSection(SolutionConfigurationPlatforms) = preSolution
		Debug|Any CPU = Debug|Any CPU
		Release|Any CPU = Release|Any CPU
	EndGlobalSection
	GlobalSection(ProjectConfigurationPlatforms) = postSolution
		{23CA3D1F-2998-4391-97DE-FED6C7E4BCFF}.Debug|Any CPU.ActiveCfg = Debug|Any CPU
		{23CA3D1F-2998-4391-97DE-FED6C7E4BCFF}.Debug|Any CPU.Build.0 = Debug|Any CPU
		{23CA3D1F-2998-4391-97DE-FED6C7E4BCFF}.Release|Any CPU.ActiveCfg = Release|Any CPU
		{23CA3D1F-2998-4391-97DE-FED6C7E4BCFF}.Release|Any CPU.Build.0 = Release|Any CPU
		{8F9158BD-F2DB-4CE7-8DB5-8A477ADC6989}.Debug|Any CPU.ActiveCfg = Debug|Any CPU
		{8F9158BD-F2DB-4CE7-8DB5-8A477ADC6989}.Debug|Any CPU.Build.0 = Debug|Any CPU
		{8F9158BD-F2DB-4CE7-8DB5-8A477ADC6989}.Release|Any CPU.ActiveCfg = Release|Any CPU
		{8F9158BD-F2DB-4CE7-8DB5-8A477ADC6989}.Release|Any CPU.Build.0 = Release|Any CPU
		{CA432BDF-4D30-470C-9996-C6011188C23E}.Debug|Any CPU.ActiveCfg = Debug|Any CPU
		{CA432BDF-4D30-470C-9996-C6011188C23E}.Debug|Any CPU.Build.0 = Debug|Any CPU
		{CA432BDF-4D30-470C-9996-C6011188C23E}.Release|Any CPU.ActiveCfg = Release|Any CPU
		{CA432BDF-4D30-470C-9996-C6011188C23E}.Release|Any CPU.Build.0 = Release|Any CPU
	EndGlobalSection
	GlobalSection(SolutionProperties) = preSolution
		HideSolutionNode = FALSE
	EndGlobalSection
	GlobalSection(ExtensibilityGlobals) = postSolution
		SolutionGuid = {704AABB7-6D7A-4634-84BB-547E9434714A}
	EndGlobalSection
EndGlobal
